#MicroXplorer Configuration settings - do not modify
#Thu Aug 07 14:21:31 JST 2014
FREERTOS.IPParameters=configUSE_MALLOC_FAILED_HOOK,configCHECK_FOR_STACK_OVERFLOW
FREERTOS.configCHECK_FOR_STACK_OVERFLOW=1
FREERTOS.configUSE_MALLOC_FAILED_HOOK=1
File.Version=4
KeepUserPlacement=true
Mcu.Family=STM32F0
Mcu.IP0=FREERTOS
Mcu.IP1=NVIC
Mcu.IP2=RCC
Mcu.IP3=SYS
Mcu.IP4=TIM2
Mcu.IP5=TIM3
Mcu.IP6=USART1
Mcu.IPNb=7
Mcu.Name=STM32F051R8Tx
Mcu.Package=LQFP64
Mcu.Pin0=PA0
Mcu.Pin1=PA3
Mcu.Pin10=PA13
Mcu.Pin11=PA14
Mcu.Pin12=VP_FREERTOS_VS_ENABLE
Mcu.Pin13=VP_TIM2_VS_ClockSourceINT
Mcu.Pin14=VP_TIM3_VS_ClockSourceINT
Mcu.Pin2=PA6
Mcu.Pin3=PA7
Mcu.Pin4=PB0
Mcu.Pin5=PB1
Mcu.Pin6=PC8
Mcu.Pin7=PC9
Mcu.Pin8=PA9
Mcu.Pin9=PA10
Mcu.PinsNb=15
Mcu.UserName=STM32F051R8Tx
NVIC.EXTI0_1_IRQn=true\:3\:0
NVIC.SysTick_IRQn=true\:0\:0
NVIC.TIM2_IRQn=true\:2\:0
NVIC.TIM3_IRQn=true\:2\:0
NVIC.USART1_IRQn=true\:3\:0
PA0.GPIOParameters=GPIO_PuPd,GPIO_Label,GPIO_ModeDefaultEXTI
PA0.GPIO_Label=B1 [Blue PushButton]
PA0.GPIO_ModeDefaultEXTI=GPIO_MODE_EVT_RISING
PA0.GPIO_PuPd=GPIO_NOPULL
PA0.Locked=true
PA0.Signal=GPXTI0
PA10.GPIOParameters=GPIO_Speed,GPIO_PuPd,GPIO_Mode
PA10.GPIO_Mode=GPIO_MODE_AF_PP
PA10.GPIO_PuPd=GPIO_NOPULL
PA10.GPIO_Speed=GPIO_SPEED_MEDIUM
PA10.Mode=Asynchronous
PA10.Signal=USART1_RX
PA13.GPIOParameters=GPIO_Label
PA13.GPIO_Label=SWDIO
PA13.Locked=true
PA13.Mode=Serial-WireDebug
PA13.Signal=SYS_SWDIO
PA14.GPIOParameters=GPIO_Label
PA14.GPIO_Label=SWCLK
PA14.Locked=true
PA14.Mode=Serial-WireDebug
PA14.Signal=SYS_SWCLK
PA3.GPIOParameters=GPIO_ModeDefaultPP,GPIO_Speed,GPIO_PuPd
PA3.GPIO_ModeDefaultPP=GPIO_MODE_AF_PP
PA3.GPIO_PuPd=GPIO_PULLUP
PA3.GPIO_Speed=GPIO_SPEED_LOW
PA3.Signal=S_TIM2_CH4
PA6.GPIOParameters=GPIO_ModeDefaultPP,GPIO_Speed,GPIO_PuPd
PA6.GPIO_ModeDefaultPP=GPIO_MODE_AF_PP
PA6.GPIO_PuPd=GPIO_PULLUP
PA6.GPIO_Speed=GPIO_SPEED_LOW
PA6.Signal=S_TIM3_CH1
PA7.GPIOParameters=GPIO_ModeDefaultPP,GPIO_Speed,GPIO_PuPd
PA7.GPIO_ModeDefaultPP=GPIO_MODE_AF_PP
PA7.GPIO_PuPd=GPIO_PULLUP
PA7.GPIO_Speed=GPIO_SPEED_LOW
PA7.Signal=S_TIM3_CH2
PA9.GPIOParameters=GPIO_Speed,GPIO_PuPd,GPIO_Mode
PA9.GPIO_Mode=GPIO_MODE_AF_PP
PA9.GPIO_PuPd=GPIO_NOPULL
PA9.GPIO_Speed=GPIO_SPEED_MEDIUM
PA9.Mode=Asynchronous
PA9.Signal=USART1_TX
PB0.GPIOParameters=GPIO_ModeDefaultPP,GPIO_Speed,GPIO_PuPd
PB0.GPIO_ModeDefaultPP=GPIO_MODE_AF_PP
PB0.GPIO_PuPd=GPIO_PULLUP
PB0.GPIO_Speed=GPIO_SPEED_LOW
PB0.Signal=S_TIM3_CH3
PB1.GPIOParameters=GPIO_ModeDefaultPP,GPIO_Speed,GPIO_PuPd
PB1.GPIO_ModeDefaultPP=GPIO_MODE_AF_PP
PB1.GPIO_PuPd=GPIO_PULLUP
PB1.GPIO_Speed=GPIO_SPEED_LOW
PB1.Signal=S_TIM3_CH4
PC8.GPIOParameters=GPIO_Speed,GPIO_PuPd,GPIO_Label,GPIO_ModeDefaultOutputPP
PC8.GPIO_Label=LD4 [Blue Led]
PC8.GPIO_ModeDefaultOutputPP=GPIO_MODE_OUTPUT_PP
PC8.GPIO_PuPd=GPIO_NOPULL
PC8.GPIO_Speed=GPIO_SPEED_LOW
PC8.Locked=true
PC8.Signal=GPIO_Output
PC9.GPIOParameters=GPIO_Speed,GPIO_PuPd,GPIO_Label,GPIO_ModeDefaultOutputPP
PC9.GPIO_Label=LD3 [Green Led]
PC9.GPIO_ModeDefaultOutputPP=GPIO_MODE_OUTPUT_PP
PC9.GPIO_PuPd=GPIO_NOPULL
PC9.GPIO_Speed=GPIO_SPEED_LOW
PC9.Locked=true
PC9.Signal=GPIO_Output
PCC.Family=STM32F0
PCC.MCU=STM32F051R8Tx
PCC.MXVersion=4.3.0
PCC.PartNumber=STM32F051R8Tx
PCC.Seq0=0
PCC.SubFamily=STM32F0x1
PCC.Temperature=25
PCC.Vdd=3.6
ProjectManager.AskForMigrate=true
ProjectManager.BackupPrevious=false
ProjectManager.CompilerOptimize=2
ProjectManager.ComputerToolchain=false
ProjectManager.CoupleFile=true
ProjectManager.DeletePrevious=true
ProjectManager.DeviceId=STM32F051R8Tx
ProjectManager.FirmwarePackage=STM32Cube FW_F0 V1.0.0
ProjectManager.FreePins=false
ProjectManager.HalAssertFull=false
ProjectManager.KeepUserCode=true
ProjectManager.LastFirmware=true
ProjectManager.LibraryCopy=1
ProjectManager.ProjectBuild=false
ProjectManager.ProjectFileName=ServoLifter.ioc
ProjectManager.ProjectName=ServoLifter
ProjectManager.TargetToolchain=MDK-ARM 4.73
RCC.FamilyName=M
RCC.IPParameters=,PLLMUL,FamilyName,SYSCLKSource
RCC.PLLMUL=RCC_PLL_MUL9
RCC.SYSCLKSource=RCC_SYSCLKSOURCE_PLLCLK
SH.GPXTI0.0=GPIO_EXTI0
SH.GPXTI0.ConfNb=1
SH.S_TIM2_CH4.0=TIM2_CH4,PWM Generation4 CH4
SH.S_TIM2_CH4.ConfNb=1
SH.S_TIM3_CH1.0=TIM3_CH1,PWM Generation1 CH1
SH.S_TIM3_CH1.ConfNb=1
SH.S_TIM3_CH2.0=TIM3_CH2,PWM Generation2 CH2
SH.S_TIM3_CH2.ConfNb=1
SH.S_TIM3_CH3.0=TIM3_CH3,PWM Generation3 CH3
SH.S_TIM3_CH3.ConfNb=1
SH.S_TIM3_CH4.0=TIM3_CH4,PWM Generation4 CH4
SH.S_TIM3_CH4.ConfNb=1
TIM2.Channel-PWM\ Generation4\ CH4=TIM_CHANNEL_4
TIM2.IPParameters=Pulse-PWM Generation4 CH4,Prescaler,Period,Channel-PWM Generation4 CH4
TIM2.Period=17999
TIM2.Prescaler=39
TIM2.Pulse-PWM\ Generation4\ CH4=1349
TIM3.Channel-PWM\ Generation2\ CH2=TIM_CHANNEL_2
TIM3.Channel-PWM\ Generation3\ CH3=TIM_CHANNEL_3
TIM3.Channel-PWM\ Generation4\ CH4=TIM_CHANNEL_4
TIM3.IPParameters=Pulse-PWM Generation1 CH1,Pulse-PWM Generation4 CH4,Pulse-PWM Generation3 CH3,Pulse-PWM Generation2 CH2,Prescaler,Period,Channel-PWM Generation4 CH4,Channel-PWM Generation2 CH2,Channel-PWM Generation3 CH3
TIM3.Period=17999
TIM3.Prescaler=39
TIM3.Pulse-PWM\ Generation1\ CH1=1349
TIM3.Pulse-PWM\ Generation2\ CH2=1349
TIM3.Pulse-PWM\ Generation3\ CH3=1349
TIM3.Pulse-PWM\ Generation4\ CH4=1349
USART1.AutoBaudRateEnableParam-Asynchronous=UART_ADVFEATURE_AUTOBAUDRATE_DISABLE
USART1.IPParameters=AutoBaudRateEnableParam-Asynchronous
VP_FREERTOS_VS_ENABLE.Mode=Enabled
VP_FREERTOS_VS_ENABLE.Signal=FREERTOS_VS_ENABLE
VP_TIM2_VS_ClockSourceINT.Mode=Internal
VP_TIM2_VS_ClockSourceINT.Signal=TIM2_VS_ClockSourceINT
VP_TIM3_VS_ClockSourceINT.Mode=Internal
VP_TIM3_VS_ClockSourceINT.Signal=TIM3_VS_ClockSourceINT
boardIOC=true
